// !$*UTF8*$!
{
	archiveVersion = 1;
	classes = {
	};
	objectVersion = 48;
	objects = {

/* Begin PBXBuildFile section */
		ABF6E3E8204E7E010009231C /* AppDelegate.m in Sources */ = {isa = PBXBuildFile; fileRef = ABF6E3E7204E7E010009231C /* AppDelegate.m */; };
		ABF6E3EB204E7E010009231C /* ViewController.m in Sources */ = {isa = PBXBuildFile; fileRef = ABF6E3EA204E7E010009231C /* ViewController.m */; };
		ABF6E3EE204E7E010009231C /* Main.storyboard in Resources */ = {isa = PBXBuildFile; fileRef = ABF6E3EC204E7E010009231C /* Main.storyboard */; };
		ABF6E3F0204E7E010009231C /* Assets.xcassets in Resources */ = {isa = PBXBuildFile; fileRef = ABF6E3EF204E7E010009231C /* Assets.xcassets */; };
		ABF6E3F3204E7E010009231C /* LaunchScreen.storyboard in Resources */ = {isa = PBXBuildFile; fileRef = ABF6E3F1204E7E010009231C /* LaunchScreen.storyboard */; };
		ABF6E3F6204E7E010009231C /* main.m in Sources */ = {isa = PBXBuildFile; fileRef = ABF6E3F5204E7E010009231C /* main.m */; };
/* End PBXBuildFile section */

/* Begin PBXFileReference section */
		ABF6E3E3204E7E000009231C /* PlanB.app */ = {isa = PBXFileReference; explicitFileType = wrapper.application; includeInIndex = 0; path = PlanB.app; sourceTree = BUILT_PRODUCTS_DIR; };
		ABF6E3E6204E7E010009231C /* AppDelegate.h */ = {isa = PBXFileReference; lastKnownFileType = sourcecode.c.h; path = AppDelegate.h; sourceTree = "<group>"; };
		ABF6E3E7204E7E010009231C /* AppDelegate.m */ = {isa = PBXFileReference; lastKnownFileType = sourcecode.c.objc; path = AppDelegate.m; sourceTree = "<group>"; };
		ABF6E3E9204E7E010009231C /* ViewController.h */ = {isa = PBXFileReference; lastKnownFileType = sourcecode.c.h; path = ViewController.h; sourceTree = "<group>"; };
		ABF6E3EA204E7E010009231C /* ViewController.m */ = {isa = PBXFileReference; lastKnownFileType = sourcecode.c.objc; path = ViewController.m; sourceTree = "<group>"; };
		ABF6E3ED204E7E010009231C /* Base */ = {isa = PBXFileReference; lastKnownFileType = file.storyboard; name = Base; path = Base.lproj/Main.storyboard; sourceTree = "<group>"; };
		ABF6E3EF204E7E010009231C /* Assets.xcassets */ = {isa = PBXFileReference; lastKnownFileType = folder.assetcatalog; path = Assets.xcassets; sourceTree = "<group>"; };
		ABF6E3F2204E7E010009231C /* Base */ = {isa = PBXFileReference; lastKnownFileType = file.storyboard; name = Base; path = Base.lproj/LaunchScreen.storyboard; sourceTree = "<group>"; };
		ABF6E3F4204E7E010009231C /* Info.plist */ = {isa = PBXFileReference; lastKnownFileType = text.plist.xml; path = Info.plist; sourceTree = "<group>"; };
		ABF6E3F5204E7E010009231C /* main.m */ = {isa = PBXFileReference; lastKnownFileType = sourcecode.c.objc; path = main.m; sourceTree = "<group>"; };
/* End PBXFileReference section */

/* Begin PBXFrameworksBuildPhase section */
		ABF6E3E0204E7E000009231C /* Frameworks */ = {
			isa = PBXFrameworksBuildPhase;
			buildActionMask = 2147483647;
			files = (
			);
			runOnlyForDeploymentPostprocessing = 0;
		};
/* End PBXFrameworksBuildPhase section */

/* Begin PBXGroup section */
		ABF6E3DA204E7E000009231C = {
			isa = PBXGroup;
			children = (
				ABF6E3E5204E7E010009231C /* PlanB */,
				ABF6E3E4204E7E000009231C /* Products */,
			);
			sourceTree = "<group>";
		};
		ABF6E3E4204E7E000009231C /* Products */ = {
			isa = PBXGroup;
			children = (
				ABF6E3E3204E7E000009231C /* PlanB.app */,
			);
			name = Products;
			sourceTree = "<group>";
		};
		ABF6E3E5204E7E010009231C /* PlanB */ = {
			isa = PBXGroup;
			children = (
				ABF6E3E6204E7E010009231C /* AppDelegate.h */,
				ABF6E3E7204E7E010009231C /* AppDelegate.m */,
				ABF6E3E9204E7E010009231C /* ViewController.h */,
				ABF6E3EA204E7E010009231C /* ViewController.m */,
				ABF6E3EC204E7E010009231C /* Main.storyboard */,
				ABF6E3EF204E7E010009231C /* Assets.xcassets */,
				ABF6E3F1204E7E010009231C /* LaunchScreen.storyboard */,
				ABF6E3F4204E7E010009231C /* Info.plist */,
				ABF6E3F5204E7E010009231C /* main.m */,
			);
			path = PlanB;
			sourceTree = "<group>";
		};
/* End PBXGroup section */

/* Begin PBXNativeTarget section */
		ABF6E3E2204E7E000009231C /* PlanB */ = {
			isa = PBXNativeTarget;
			buildConfigurationList = ABF6E3F9204E7E010009231C /* Build configuration list for PBXNativeTarget "PlanB" */;
			buildPhases = (
				ABF6E3DF204E7E000009231C /* Sources */,
				ABF6E3E0204E7E000009231C /* Frameworks */,
				ABF6E3E1204E7E000009231C /* Resources */,
			);
			buildRules = (
			);
			dependencies = (
			);
			name = PlanB;
			productName = PlanB;
			productReference = ABF6E3E3204E7E000009231C /* PlanB.app */;
			productType = "com.apple.product-type.application";
		};
/* End PBXNativeTarget section */

/* Begin PBXProject section */
		ABF6E3DB204E7E000009231C /* Project object */ = {
			isa = PBXProject;
			attributes = {
				LastUpgradeCheck = 0920;
				ORGANIZATIONNAME = KayCM;
				TargetAttributes = {
					ABF6E3E2204E7E000009231C = {
						CreatedOnToolsVersion = 9.2;
						ProvisioningStyle = Automatic;
					};
				};
			};
			buildConfigurationList = ABF6E3DE204E7E000009231C /* Build configuration list for PBXProject "PlanB" */;
			compatibilityVersion = "Xcode 8.0";
			developmentRegion = en;
			hasScannedForEncodings = 0;
			knownRegions = (
				en,
				Base,
			);
			mainGroup = ABF6E3DA204E7E000009231C;
			productRefGroup = ABF6E3E4204E7E000009231C /* Products */;
			projectDirPath = "";
			projectRoot = "";
			targets = (
				ABF6E3E2204E7E000009231C /* PlanB */,
			);
		};
/* End PBXProject section */

/* Begin PBXResourcesBuildPhase section */
		ABF6E3E1204E7E000009231C /* Resources */ = {
			isa = PBXResourcesBuildPhase;
			buildActionMask = 2147483647;
			files = (
				ABF6E3F3204E7E010009231C /* LaunchScreen.storyboard in Resources */,
				ABF6E3F0204E7E010009231C /* Assets.xcassets in Resources */,
				ABF6E3EE204E7E010009231C /* Main.storyboard in Resources */,
			);
			runOnlyForDeploymentPostprocessing = 0;
		};
/* End PBXResourcesBuildPhase section */

/* Begin PBXSourcesBuildPhase section */
		ABF6E3DF204E7E000009231C /* Sources */ = {
			isa = PBXSourcesBuildPhase;
			buildActionMask = 2147483647;
			files = (
				ABF6E3EB204E7E010009231C /* ViewController.m in Sources */,
				ABF6E3F6204E7E010009231C /* main.m in Sources */,
				ABF6E3E8204E7E010009231C /* AppDelegate.m in Sources */,
			);
			runOnlyForDeploymentPostprocessing = 0;
		};
/* End PBXSourcesBuildPhase section */

/* Begin PBXVariantGroup section */
		ABF6E3EC204E7E010009231C /* Main.storyboard */ = {
			isa = PBXVariantGroup;
			children = (
				ABF6E3ED204E7E010009231C /* Base */,
			);
			name = Main.storyboard;
			sourceTree = "<group>";
		};
		ABF6E3F1204E7E010009231C /* LaunchScreen.storyboard */ = {
			isa = PBXVariantGroup;
			children = (
				ABF6E3F2204E7E010009231C /* Base */,
			);
			name = LaunchScreen.storyboard;
			sourceTree = "<group>";
		};
/* End PBXVariantGroup section */

/* Begin XCBuildConfiguration section */
		ABF6E3F7204E7E010009231C /* Debug */ = {
			isa = XCBuildConfiguration;
			buildSettings = {
				ALWAYS_SEARCH_USER_PATHS = NO;
				CLANG_ANALYZER_NONNULL = YES;
				CLANG_ANALYZER_NUMBER_OBJECT_CONVERSION = YES_AGGRESSIVE;
				CLANG_CXX_LANGUAGE_STANDARD = "gnu++14";
				CLANG_CXX_LIBRARY = "libc++";
				CLANG_ENABLE_MODULES = YES;
				CLANG_ENABLE_OBJC_ARC = YES;
				CLANG_WARN_BLOCK_CAPTURE_AUTORELEASING = YES;
				CLANG_WARN_BOOL_CONVERSION = YES;
				CLANG_WARN_COMMA = YES;
				CLANG_WARN_CONSTANT_CONVERSION = YES;
				CLANG_WARN_DIRECT_OBJC_ISA_USAGE = YES_ERROR;
				CLANG_WARN_DOCUMENTATION_COMMENTS = YES;
				CLANG_WARN_EMPTY_BODY = YES;
				CLANG_WARN_ENUM_CONVERSION = YES;
				CLANG_WARN_INFINITE_RECURSION = YES;
				CLANG_WARN_INT_CONVERSION = YES;
				CLANG_WARN_NON_LITERAL_NULL_CONVERSION = YES;
				CLANG_WARN_OBJC_LITERAL_CONVERSION = YES;
				CLANG_WARN_OBJC_ROOT_CLASS = YES_ERROR;
				CLANG_WARN_RANGE_LOOP_ANALYSIS = YES;
				CLANG_WARN_STRICT_PROTOTYPES = YES;
				CLANG_WARN_SUSPICIOUS_MOVE = YES;
				CLANG_WARN_UNGUARDED_AVAILABILITY = YES_AGGRESSIVE;
				CLANG_WARN_UNREACHABLE_CODE = YES;
				CLANG_WARN__DUPLICATE_METHOD_MATCH = YES;
				CODE_SIGN_IDENTITY = "iPhone Developer";
				COPY_PHASE_STRIP = NO;
				DEBUG_INFORMATION_FORMAT = dwarf;
				ENABLE_STRICT_OBJC_MSGSEND = YES;
				ENABLE_TESTABILITY = YES;
				GCC_C_LANGUAGE_STANDARD = gnu11;
				GCC_DYNAMIC_NO_PIC = NO;
				GCC_NO_COMMON_BLOCKS = YES;
				GCC_OPTIMIZATION_LEVEL = 0;
				GCC_PREPROCESSOR_DEFINITIONS = (
					"DEBUG=1",
					"$(inherited)",
				);
				GCC_WARN_64_TO_32_BIT_CONVERSION = YES;
				GCC_WARN_ABOUT_RETURN_TYPE = YES_ERROR;
				GCC_WARN_UNDECLARED_SELECTOR = YES;
				GCC_WARN_UNINITIALIZED_AUTOS = YES_AGGRESSIVE;
				GCC_WARN_UNUSED_FUNCTION = YES;
				GCC_WARN_UNUSED_VARIABLE = YES;
				IPHONEOS_DEPLOYMENT_TARGET = 11.2;
				MTL_ENABLE_DEBUG_INFO = YES;
				ONLY_ACTIVE_ARCH = YES;
				SDKROOT = iphoneos;
			};
			name = Debug;
		};
		ABF6E3F8204E7E010009231C /* Release */ = {
			isa = XCBuildConfiguration;
			buildSettings = {
				ALWAYS_SEARCH_USER_PATHS = NO;
				CLANG_ANALYZER_NONNULL = YES;
				CLANG_ANALYZER_NUMBER_OBJECT_CONVERSION = YES_AGGRESSIVE;
				CLANG_CXX_LANGUAGE_STANDARD = "gnu++14";
				CLANG_CXX_LIBRARY = "libc++";
				CLANG_ENABLE_MODULES = YES;
				CLANG_ENABLE_OBJC_ARC = YES;
				CLANG_WARN_BLOCK_CAPTURE_AUTORELEASING = YES;
				CLANG_WARN_BOOL_CONVERSION = YES;
				CLANG_WARN_COMMA = YES;
				CLANG_WARN_CONSTANT_CONVERSION = YES;
				CLANG_WARN_DIRECT_OBJC_ISA_USAGE = YES_ERROR;
				CLANG_WARN_DOCUMENTATION_COMMENTS = YES;
				CLANG_WARN_EMPTY_BODY = YES;
				CLANG_WARN_ENUM_CONVERSION = YES;
				CLANG_WARN_INFINITE_RECURSION = YES;
				CLANG_WARN_INT_CONVERSION = YES;
				CLANG_WARN_NON_LITERAL_NULL_CONVERSION = YES;
				CLANG_WARN_OBJC_LITERAL_CONVERSION = YES;
				CLANG_WARN_OBJC_ROOT_CLASS = YES_ERROR;
				CLANG_WARN_RANGE_LOOP_ANALYSIS = YES;
				CLANG_WARN_STRICT_PROTOTYPES = YES;
				CLANG_WARN_SUSPICIOUS_MOVE = YES;
				CLANG_WARN_UNGUARDED_AVAILABILITY = YES_AGGRESSIVE;
				CLANG_WARN_UNREACHABLE_CODE = YES;
				CLANG_WARN__DUPLICATE_METHOD_MATCH = YES;
				CODE_SIGN_IDENTITY = "iPhone Developer";
				COPY_PHASE_STRIP = NO;
				DEBUG_INFORMATION_FORMAT = "dwarf-with-dsym";
				ENABLE_NS_ASSERTIONS = NO;
				ENABLE_STRICT_OBJC_MSGSEND = YES;
				GCC_C_LANGUAGE_STANDARD = gnu11;
				GCC_NO_COMMON_BLOCKS = YES;
				GCC_WARN_64_TO_32_BIT_CONVERSION = YES;
				GCC_WARN_ABOUT_RETURN_TYPE = YES_ERROR;
				GCC_WARN_UNDECLARED_SELECTOR = YES;
				GCC_WARN_UNINITIALIZED_AUTOS = YES_AGGRESSIVE;
				GCC_WARN_UNUSED_FUNCTION = YES;
				GCC_WARN_UNUSED_VARIABLE = YES;
				IPHONEOS_DEPLOYMENT_TARGET = 11.2;
				MTL_ENABLE_DEBUG_INFO = NO;
				SDKROOT = iphoneos;
				VALIDATE_PRODUCT = YES;
			};
			name = Release;
		};
		ABF6E3FA204E7E010009231C /* Debug */ = {
			isa = XCBuildConfiguration;
			buildSettings = {
				ASSETCATALOG_COMPILER_APPICON_NAME = AppIcon;
				CODE_SIGN_STYLE = Automatic;
				DEVELOPMENT_TEAM = 5BJM9LWQJQ;
				INFOPLIST_FILE = PlanB/Info.plist;
				LD_RUNPATH_SEARCH_PATHS = "$(inherited) @executable_path/Frameworks";
				PRODUCT_BUNDLE_IDENTIFIER = COM.M1989.PlanB;
				PRODUCT_NAME = "$(TARGET_NAME)";
				TARGETED_DEVICE_FAMILY = "1,2";
			};
			name = Debug;
		};
		ABF6E3FB204E7E010009231C /* Release */ = {
			isa = XCBuildConfiguration;
			buildSettings = {
				ASSETCATALOG_COMPILER_APPICON_NAME = AppIcon;
				CODE_SIGN_STYLE = Automatic;
				DEVELOPMENT_TEAM = 5BJM9LWQJQ;
				INFOPLIST_FILE = PlanB/Info.plist;
				LD_RUNPATH_SEARCH_PATHS = "$(inherited) @executable_path/Frameworks";
				PRODUCT_BUNDLE_IDENTIFIER = COM.M1989.PlanB;
				PRODUCT_NAME = "$(TARGET_NAME)";
				TARGETED_DEVICE_FAMILY = "1,2";
			};
			name = Release;
		};
/* End XCBuildConfiguration section */

/* Begin XCConfigurationList section */
		ABF6E3DE204E7E000009231C /* Build configuration list for PBXProject "PlanB" */ = {
			isa = XCConfigurationList;
			buildConfigurations = (
				ABF6E3F7204E7E010009231C /* Debug */,
				ABF6E3F8204E7E010009231C /* Release */,
			);
			defaultConfigurationIsVisible = 0;
			defaultConfigurationName = Release;
		};
		ABF6E3F9204E7E010009231C /* Build configuration list for PBXNativeTarget "PlanB" */ = {
			isa = XCConfigurationList;
			buildConfigurations = (
				ABF6E3FA204E7E010009231C /* Debug */,
				ABF6E3FB204E7E010009231C /* Release */,
			);
			defaultConfigurationIsVisible = 0;
			defaultConfigurationName = Release;
		};
/* End XCConfigurationList section */
	};
	rootObject = ABF6E3DB204E7E000009231C /* Project object */;
}
